PODS:
  - RestEssentials (4.0.2)

DEPENDENCIES:
  - RestEssentials (~> 4.0.2)

SPEC REPOS:
  https://github.com/CocoaPods/Specs.git:
    - RestEssentials

SPEC CHECKSUMS:
  RestEssentials: 3d732e7a5eeaf9abe3fcbaf6085dbd73642a621f

PODFILE CHECKSUM: 77fadc1e6edb4993044a5771f93f338857dfbce4

COCOAPODS: 1.5.0
